# This file is automatically @generated by Cargo.
# It is not intended for manual editing.
version = 4

[[package]]
name = "crossbeam-channel"
version = "0.5.15"
source = "registry+https://github.com/rust-lang/crates.io-index"
checksum = "82b8f8f868b36967f9606790d1903570de9ceaf870a7bf9fbbd3016d636a2cb2"
dependencies = [
 "crossbeam-utils",
]

[[package]]
name = "crossbeam-utils"
version = "0.8.21"
source = "registry+https://github.com/rust-lang/crates.io-index"
checksum = "d0a5c400df2834b80a4c3327b3aad3a4c4cd4de0629063962b03235697506a28"

[[package]]
name = "tyra-ast"
version = "0.1.0"
dependencies = [
 "tyra-diagnostics",
]

[[package]]
name = "tyra-cli"
version = "0.1.0"
dependencies = [
 "tyra-diagnostics",
 "tyra-driver",
 "tyra-runtime",
]

[[package]]
name = "tyra-codegen-llvm"
version = "0.1.0"
dependencies = [
 "tyra-mir",
 "tyra-types",
]

[[package]]
name = "tyra-diagnostics"
version = "0.1.0"

[[package]]
name = "tyra-driver"
version = "0.1.0"
dependencies = [
 "tyra-ast",
 "tyra-codegen-llvm",
 "tyra-diagnostics",
 "tyra-mir",
 "tyra-parser",
 "tyra-resolve",
 "tyra-types",
]

[[package]]
name = "tyra-lexer"
version = "0.1.0"
dependencies = [
 "tyra-diagnostics",
]

[[package]]
name = "tyra-mir"
version = "0.1.0"
dependencies = [
 "tyra-ast",
 "tyra-diagnostics",
 "tyra-parser",
 "tyra-resolve",
 "tyra-types",
]

[[package]]
name = "tyra-parser"
version = "0.1.0"
dependencies = [
 "tyra-ast",
 "tyra-diagnostics",
 "tyra-lexer",
]

[[package]]
name = "tyra-resolve"
version = "0.1.0"
dependencies = [
 "tyra-ast",
 "tyra-diagnostics",
 "tyra-parser",
]

[[package]]
name = "tyra-runtime"
version = "0.1.0"
dependencies = [
 "crossbeam-channel",
]

[[package]]
name = "tyra-types"
version = "0.1.0"
dependencies = [
 "tyra-ast",
 "tyra-diagnostics",
 "tyra-parser",
 "tyra-resolve",
]
