# This file is automatically @generated by Cargo.
# It is not intended for manual editing.
version = 4

[[package]]
name = "tyra-ast"
version = "0.1.0"
dependencies = [
 "tyra-diagnostics",
]

[[package]]
name = "tyra-cli"
version = "0.1.0"
dependencies = [
 "tyra-diagnostics",
 "tyra-driver",
]

[[package]]
name = "tyra-codegen-llvm"
version = "0.1.0"
dependencies = [
 "tyra-mir",
 "tyra-types",
]

[[package]]
name = "tyra-diagnostics"
version = "0.1.0"

[[package]]
name = "tyra-driver"
version = "0.1.0"
dependencies = [
 "tyra-ast",
 "tyra-codegen-llvm",
 "tyra-diagnostics",
 "tyra-mir",
 "tyra-parser",
 "tyra-resolve",
 "tyra-types",
]

[[package]]
name = "tyra-lexer"
version = "0.1.0"
dependencies = [
 "tyra-diagnostics",
]

[[package]]
name = "tyra-mir"
version = "0.1.0"
dependencies = [
 "tyra-ast",
 "tyra-diagnostics",
 "tyra-parser",
 "tyra-resolve",
 "tyra-types",
]

[[package]]
name = "tyra-parser"
version = "0.1.0"
dependencies = [
 "tyra-ast",
 "tyra-diagnostics",
 "tyra-lexer",
]

[[package]]
name = "tyra-resolve"
version = "0.1.0"
dependencies = [
 "tyra-ast",
 "tyra-diagnostics",
 "tyra-parser",
]

[[package]]
name = "tyra-types"
version = "0.1.0"
dependencies = [
 "tyra-ast",
 "tyra-diagnostics",
 "tyra-parser",
 "tyra-resolve",
]
